// !$*UTF8*$!
{
	archiveVersion = 1;
	classes = {
	};
	objectVersion = 55;
	objects = {

/* Begin PBXBuildFile section */
		621FAAC028A182A700517B66 /* AppDelegate.swift in Sources */ = {isa = PBXBuildFile; fileRef = 621FAABF28A182A700517B66 /* AppDelegate.swift */; };
		621FAAC228A182A700517B66 /* SceneDelegate.swift in Sources */ = {isa = PBXBuildFile; fileRef = 621FAAC128A182A700517B66 /* SceneDelegate.swift */; };
		621FAAC928A182AC00517B66 /* Assets.xcassets in Resources */ = {isa = PBXBuildFile; fileRef = 621FAAC828A182AC00517B66 /* Assets.xcassets */; };
		621FAACC28A182AC00517B66 /* LaunchScreen.storyboard in Resources */ = {isa = PBXBuildFile; fileRef = 621FAACA28A182AC00517B66 /* LaunchScreen.storyboard */; };
		624AB09028A2BF1D0081310F /* RxCocoa in Frameworks */ = {isa = PBXBuildFile; productRef = 624AB08F28A2BF1D0081310F /* RxCocoa */; };
		624AB09228A2BF1D0081310F /* RxSwift in Frameworks */ = {isa = PBXBuildFile; productRef = 624AB09128A2BF1D0081310F /* RxSwift */; };
		624AB09428A3CC410081310F /* RepoListViewController.swift in Sources */ = {isa = PBXBuildFile; fileRef = 624AB09328A3CC410081310F /* RepoListViewController.swift */; };
		624AB09628A3CD5C0081310F /* RepoListCell.swift in Sources */ = {isa = PBXBuildFile; fileRef = 624AB09528A3CD5C0081310F /* RepoListCell.swift */; };
		624AB09928A3CE110081310F /* SnapKit in Frameworks */ = {isa = PBXBuildFile; productRef = 624AB09828A3CE110081310F /* SnapKit */; };
/* End PBXBuildFile section */

/* Begin PBXFileReference section */
		621FAABC28A182A700517B66 /* githubApp.app */ = {isa = PBXFileReference; explicitFileType = wrapper.application; includeInIndex = 0; path = githubApp.app; sourceTree = BUILT_PRODUCTS_DIR; };
		621FAABF28A182A700517B66 /* AppDelegate.swift */ = {isa = PBXFileReference; lastKnownFileType = sourcecode.swift; path = AppDelegate.swift; sourceTree = "<group>"; };
		621FAAC128A182A700517B66 /* SceneDelegate.swift */ = {isa = PBXFileReference; lastKnownFileType = sourcecode.swift; path = SceneDelegate.swift; sourceTree = "<group>"; };
		621FAAC828A182AC00517B66 /* Assets.xcassets */ = {isa = PBXFileReference; lastKnownFileType = folder.assetcatalog; path = Assets.xcassets; sourceTree = "<group>"; };
		621FAACB28A182AC00517B66 /* Base */ = {isa = PBXFileReference; lastKnownFileType = file.storyboard; name = Base; path = Base.lproj/LaunchScreen.storyboard; sourceTree = "<group>"; };
		621FAACD28A182AC00517B66 /* Info.plist */ = {isa = PBXFileReference; lastKnownFileType = text.plist.xml; path = Info.plist; sourceTree = "<group>"; };
		624AB09328A3CC410081310F /* RepoListViewController.swift */ = {isa = PBXFileReference; lastKnownFileType = sourcecode.swift; path = RepoListViewController.swift; sourceTree = "<group>"; };
		624AB09528A3CD5C0081310F /* RepoListCell.swift */ = {isa = PBXFileReference; lastKnownFileType = sourcecode.swift; path = RepoListCell.swift; sourceTree = "<group>"; };
/* End PBXFileReference section */

/* Begin PBXFrameworksBuildPhase section */
		621FAAB928A182A700517B66 /* Frameworks */ = {
			isa = PBXFrameworksBuildPhase;
			buildActionMask = 2147483647;
			files = (
				624AB09928A3CE110081310F /* SnapKit in Frameworks */,
				624AB09228A2BF1D0081310F /* RxSwift in Frameworks */,
				624AB09028A2BF1D0081310F /* RxCocoa in Frameworks */,
			);
			runOnlyForDeploymentPostprocessing = 0;
		};
/* End PBXFrameworksBuildPhase section */

/* Begin PBXGroup section */
		621FAAB328A182A700517B66 = {
			isa = PBXGroup;
			children = (
				621FAABE28A182A700517B66 /* githubApp */,
				621FAABD28A182A700517B66 /* Products */,
			);
			sourceTree = "<group>";
		};
		621FAABD28A182A700517B66 /* Products */ = {
			isa = PBXGroup;
			children = (
				621FAABC28A182A700517B66 /* githubApp.app */,
			);
			name = Products;
			sourceTree = "<group>";
		};
		621FAABE28A182A700517B66 /* githubApp */ = {
			isa = PBXGroup;
			children = (
				621FAABF28A182A700517B66 /* AppDelegate.swift */,
				621FAAC128A182A700517B66 /* SceneDelegate.swift */,
				624AB09328A3CC410081310F /* RepoListViewController.swift */,
				624AB09528A3CD5C0081310F /* RepoListCell.swift */,
				621FAAC828A182AC00517B66 /* Assets.xcassets */,
				621FAACA28A182AC00517B66 /* LaunchScreen.storyboard */,
				621FAACD28A182AC00517B66 /* Info.plist */,
			);
			path = githubApp;
			sourceTree = "<group>";
		};
/* End PBXGroup section */

/* Begin PBXNativeTarget section */
		621FAABB28A182A700517B66 /* githubApp */ = {
			isa = PBXNativeTarget;
			buildConfigurationList = 621FAAD028A182AC00517B66 /* Build configuration list for PBXNativeTarget "githubApp" */;
			buildPhases = (
				621FAAB828A182A700517B66 /* Sources */,
				621FAAB928A182A700517B66 /* Frameworks */,
				621FAABA28A182A700517B66 /* Resources */,
			);
			buildRules = (
			);
			dependencies = (
			);
			name = githubApp;
			packageProductDependencies = (
				624AB08F28A2BF1D0081310F /* RxCocoa */,
				624AB09128A2BF1D0081310F /* RxSwift */,
				624AB09828A3CE110081310F /* SnapKit */,
			);
			productName = githubApp;
			productReference = 621FAABC28A182A700517B66 /* githubApp.app */;
			productType = "com.apple.product-type.application";
		};
/* End PBXNativeTarget section */

/* Begin PBXProject section */
		621FAAB428A182A700517B66 /* Project object */ = {
			isa = PBXProject;
			attributes = {
				BuildIndependentTargetsInParallel = 1;
				LastSwiftUpdateCheck = 1340;
				LastUpgradeCheck = 1340;
				TargetAttributes = {
					621FAABB28A182A700517B66 = {
						CreatedOnToolsVersion = 13.4.1;
					};
				};
			};
			buildConfigurationList = 621FAAB728A182A700517B66 /* Build configuration list for PBXProject "githubApp" */;
			compatibilityVersion = "Xcode 13.0";
			developmentRegion = en;
			hasScannedForEncodings = 0;
			knownRegions = (
				en,
				Base,
			);
			mainGroup = 621FAAB328A182A700517B66;
			packageReferences = (
				624AB08E28A2BF1D0081310F /* XCRemoteSwiftPackageReference "RxSwift" */,
				624AB09728A3CE110081310F /* XCRemoteSwiftPackageReference "SnapKit" */,
			);
			productRefGroup = 621FAABD28A182A700517B66 /* Products */;
			projectDirPath = "";
			projectRoot = "";
			targets = (
				621FAABB28A182A700517B66 /* githubApp */,
			);
		};
/* End PBXProject section */

/* Begin PBXResourcesBuildPhase section */
		621FAABA28A182A700517B66 /* Resources */ = {
			isa = PBXResourcesBuildPhase;
			buildActionMask = 2147483647;
			files = (
				621FAACC28A182AC00517B66 /* LaunchScreen.storyboard in Resources */,
				621FAAC928A182AC00517B66 /* Assets.xcassets in Resources */,
			);
			runOnlyForDeploymentPostprocessing = 0;
		};
/* End PBXResourcesBuildPhase section */

/* Begin PBXSourcesBuildPhase section */
		621FAAB828A182A700517B66 /* Sources */ = {
			isa = PBXSourcesBuildPhase;
			buildActionMask = 2147483647;
			files = (
				621FAAC028A182A700517B66 /* AppDelegate.swift in Sources */,
				624AB09428A3CC410081310F /* RepoListViewController.swift in Sources */,
				621FAAC228A182A700517B66 /* SceneDelegate.swift in Sources */,
				624AB09628A3CD5C0081310F /* RepoListCell.swift in Sources */,
			);
			runOnlyForDeploymentPostprocessing = 0;
		};
/* End PBXSourcesBuildPhase section */

/* Begin PBXVariantGroup section */
		621FAACA28A182AC00517B66 /* LaunchScreen.storyboard */ = {
			isa = PBXVariantGroup;
			children = (
				621FAACB28A182AC00517B66 /* Base */,
			);
			name = LaunchScreen.storyboard;
			sourceTree = "<group>";
		};
/* End PBXVariantGroup section */

/* Begin XCBuildConfiguration section */
		621FAACE28A182AC00517B66 /* Debug */ = {
			isa = XCBuildConfiguration;
			buildSettings = {
				ALWAYS_SEARCH_USER_PATHS = NO;
				CLANG_ANALYZER_NONNULL = YES;
				CLANG_ANALYZER_NUMBER_OBJECT_CONVERSION = YES_AGGRESSIVE;
				CLANG_CXX_LANGUAGE_STANDARD = "gnu++17";
				CLANG_ENABLE_MODULES = YES;
				CLANG_ENABLE_OBJC_ARC = YES;
				CLANG_ENABLE_OBJC_WEAK = YES;
				CLANG_WARN_BLOCK_CAPTURE_AUTORELEASING = YES;
				CLANG_WARN_BOOL_CONVERSION = YES;
				CLANG_WARN_COMMA = YES;
				CLANG_WARN_CONSTANT_CONVERSION = YES;
				CLANG_WARN_DEPRECATED_OBJC_IMPLEMENTATIONS = YES;
				CLANG_WARN_DIRECT_OBJC_ISA_USAGE = YES_ERROR;
				CLANG_WARN_DOCUMENTATION_COMMENTS = YES;
				CLANG_WARN_EMPTY_BODY = YES;
				CLANG_WARN_ENUM_CONVERSION = YES;
				CLANG_WARN_INFINITE_RECURSION = YES;
				CLANG_WARN_INT_CONVERSION = YES;
				CLANG_WARN_NON_LITERAL_NULL_CONVERSION = YES;
				CLANG_WARN_OBJC_IMPLICIT_RETAIN_SELF = YES;
				CLANG_WARN_OBJC_LITERAL_CONVERSION = YES;
				CLANG_WARN_OBJC_ROOT_CLASS = YES_ERROR;
				CLANG_WARN_QUOTED_INCLUDE_IN_FRAMEWORK_HEADER = YES;
				CLANG_WARN_RANGE_LOOP_ANALYSIS = YES;
				CLANG_WARN_STRICT_PROTOTYPES = YES;
				CLANG_WARN_SUSPICIOUS_MOVE = YES;
				CLANG_WARN_UNGUARDED_AVAILABILITY = YES_AGGRESSIVE;
				CLANG_WARN_UNREACHABLE_CODE = YES;
				CLANG_WARN__DUPLICATE_METHOD_MATCH = YES;
				COPY_PHASE_STRIP = NO;
				DEBUG_INFORMATION_FORMAT = dwarf;
				ENABLE_STRICT_OBJC_MSGSEND = YES;
				ENABLE_TESTABILITY = YES;
				GCC_C_LANGUAGE_STANDARD = gnu11;
				GCC_DYNAMIC_NO_PIC = NO;
				GCC_NO_COMMON_BLOCKS = YES;
				GCC_OPTIMIZATION_LEVEL = 0;
				GCC_PREPROCESSOR_DEFINITIONS = (
					"DEBUG=1",
					"$(inherited)",
				);
				GCC_WARN_64_TO_32_BIT_CONVERSION = YES;
				GCC_WARN_ABOUT_RETURN_TYPE = YES_ERROR;
				GCC_WARN_UNDECLARED_SELECTOR = YES;
				GCC_WARN_UNINITIALIZED_AUTOS = YES_AGGRESSIVE;
				GCC_WARN_UNUSED_FUNCTION = YES;
				GCC_WARN_UNUSED_VARIABLE = YES;
				IPHONEOS_DEPLOYMENT_TARGET = 15.5;
				MTL_ENABLE_DEBUG_INFO = INCLUDE_SOURCE;
				MTL_FAST_MATH = YES;
				ONLY_ACTIVE_ARCH = YES;
				SDKROOT = iphoneos;
				SWIFT_ACTIVE_COMPILATION_CONDITIONS = DEBUG;
				SWIFT_OPTIMIZATION_LEVEL = "-Onone";
			};
			name = Debug;
		};
		621FAACF28A182AC00517B66 /* Release */ = {
			isa = XCBuildConfiguration;
			buildSettings = {
				ALWAYS_SEARCH_USER_PATHS = NO;
				CLANG_ANALYZER_NONNULL = YES;
				CLANG_ANALYZER_NUMBER_OBJECT_CONVERSION = YES_AGGRESSIVE;
				CLANG_CXX_LANGUAGE_STANDARD = "gnu++17";
				CLANG_ENABLE_MODULES = YES;
				CLANG_ENABLE_OBJC_ARC = YES;
				CLANG_ENABLE_OBJC_WEAK = YES;
				CLANG_WARN_BLOCK_CAPTURE_AUTORELEASING = YES;
				CLANG_WARN_BOOL_CONVERSION = YES;
				CLANG_WARN_COMMA = YES;
				CLANG_WARN_CONSTANT_CONVERSION = YES;
				CLANG_WARN_DEPRECATED_OBJC_IMPLEMENTATIONS = YES;
				CLANG_WARN_DIRECT_OBJC_ISA_USAGE = YES_ERROR;
				CLANG_WARN_DOCUMENTATION_COMMENTS = YES;
				CLANG_WARN_EMPTY_BODY = YES;
				CLANG_WARN_ENUM_CONVERSION = YES;
				CLANG_WARN_INFINITE_RECURSION = YES;
				CLANG_WARN_INT_CONVERSION = YES;
				CLANG_WARN_NON_LITERAL_NULL_CONVERSION = YES;
				CLANG_WARN_OBJC_IMPLICIT_RETAIN_SELF = YES;
				CLANG_WARN_OBJC_LITERAL_CONVERSION = YES;
				CLANG_WARN_OBJC_ROOT_CLASS = YES_ERROR;
				CLANG_WARN_QUOTED_INCLUDE_IN_FRAMEWORK_HEADER = YES;
				CLANG_WARN_RANGE_LOOP_ANALYSIS = YES;
				CLANG_WARN_STRICT_PROTOTYPES = YES;
				CLANG_WARN_SUSPICIOUS_MOVE = YES;
				CLANG_WARN_UNGUARDED_AVAILABILITY = YES_AGGRESSIVE;
				CLANG_WARN_UNREACHABLE_CODE = YES;
				CLANG_WARN__DUPLICATE_METHOD_MATCH = YES;
				COPY_PHASE_STRIP = NO;
				DEBUG_INFORMATION_FORMAT = "dwarf-with-dsym";
				ENABLE_NS_ASSERTIONS = NO;
				ENABLE_STRICT_OBJC_MSGSEND = YES;
				GCC_C_LANGUAGE_STANDARD = gnu11;
				GCC_NO_COMMON_BLOCKS = YES;
				GCC_WARN_64_TO_32_BIT_CONVERSION = YES;
				GCC_WARN_ABOUT_RETURN_TYPE = YES_ERROR;
				GCC_WARN_UNDECLARED_SELECTOR = YES;
				GCC_WARN_UNINITIALIZED_AUTOS = YES_AGGRESSIVE;
				GCC_WARN_UNUSED_FUNCTION = YES;
				GCC_WARN_UNUSED_VARIABLE = YES;
				IPHONEOS_DEPLOYMENT_TARGET = 15.5;
				MTL_ENABLE_DEBUG_INFO = NO;
				MTL_FAST_MATH = YES;
				SDKROOT = iphoneos;
				SWIFT_COMPILATION_MODE = wholemodule;
				SWIFT_OPTIMIZATION_LEVEL = "-O";
				VALIDATE_PRODUCT = YES;
			};
			name = Release;
		};
		621FAAD128A182AC00517B66 /* Debug */ = {
			isa = XCBuildConfiguration;
			buildSettings = {
				ASSETCATALOG_COMPILER_APPICON_NAME = AppIcon;
				ASSETCATALOG_COMPILER_GLOBAL_ACCENT_COLOR_NAME = AccentColor;
				CODE_SIGN_STYLE = Automatic;
				CURRENT_PROJECT_VERSION = 1;
				DEVELOPMENT_TEAM = 84F5W52ST4;
				GENERATE_INFOPLIST_FILE = YES;
				INFOPLIST_FILE = githubApp/Info.plist;
				INFOPLIST_KEY_UIApplicationSupportsIndirectInputEvents = YES;
				INFOPLIST_KEY_UILaunchStoryboardName = LaunchScreen;
				INFOPLIST_KEY_UISupportedInterfaceOrientations_iPad = "UIInterfaceOrientationPortrait UIInterfaceOrientationPortraitUpsideDown UIInterfaceOrientationLandscapeLeft UIInterfaceOrientationLandscapeRight";
				INFOPLIST_KEY_UISupportedInterfaceOrientations_iPhone = "UIInterfaceOrientationPortrait UIInterfaceOrientationLandscapeLeft UIInterfaceOrientationLandscapeRight";
				LD_RUNPATH_SEARCH_PATHS = (
					"$(inherited)",
					"@executable_path/Frameworks",
				);
				MARKETING_VERSION = 1.0;
				PRODUCT_BUNDLE_IDENTIFIER = com.jiha.githubApp;
				PRODUCT_NAME = "$(TARGET_NAME)";
				SWIFT_EMIT_LOC_STRINGS = YES;
				SWIFT_VERSION = 5.0;
				TARGETED_DEVICE_FAMILY = "1,2";
			};
			name = Debug;
		};
		621FAAD228A182AC00517B66 /* Release */ = {
			isa = XCBuildConfiguration;
			buildSettings = {
				ASSETCATALOG_COMPILER_APPICON_NAME = AppIcon;
				ASSETCATALOG_COMPILER_GLOBAL_ACCENT_COLOR_NAME = AccentColor;
				CODE_SIGN_STYLE = Automatic;
				CURRENT_PROJECT_VERSION = 1;
				DEVELOPMENT_TEAM = 84F5W52ST4;
				GENERATE_INFOPLIST_FILE = YES;
				INFOPLIST_FILE = githubApp/Info.plist;
				INFOPLIST_KEY_UIApplicationSupportsIndirectInputEvents = YES;
				INFOPLIST_KEY_UILaunchStoryboardName = LaunchScreen;
				INFOPLIST_KEY_UISupportedInterfaceOrientations_iPad = "UIInterfaceOrientationPortrait UIInterfaceOrientationPortraitUpsideDown UIInterfaceOrientationLandscapeLeft UIInterfaceOrientationLandscapeRight";
				INFOPLIST_KEY_UISupportedInterfaceOrientations_iPhone = "UIInterfaceOrientationPortrait UIInterfaceOrientationLandscapeLeft UIInterfaceOrientationLandscapeRight";
				LD_RUNPATH_SEARCH_PATHS = (
					"$(inherited)",
					"@executable_path/Frameworks",
				);
				MARKETING_VERSION = 1.0;
				PRODUCT_BUNDLE_IDENTIFIER = com.jiha.githubApp;
				PRODUCT_NAME = "$(TARGET_NAME)";
				SWIFT_EMIT_LOC_STRINGS = YES;
				SWIFT_VERSION = 5.0;
				TARGETED_DEVICE_FAMILY = "1,2";
			};
			name = Release;
		};
/* End XCBuildConfiguration section */

/* Begin XCConfigurationList section */
		621FAAB728A182A700517B66 /* Build configuration list for PBXProject "githubApp" */ = {
			isa = XCConfigurationList;
			buildConfigurations = (
				621FAACE28A182AC00517B66 /* Debug */,
				621FAACF28A182AC00517B66 /* Release */,
			);
			defaultConfigurationIsVisible = 0;
			defaultConfigurationName = Release;
		};
		621FAAD028A182AC00517B66 /* Build configuration list for PBXNativeTarget "githubApp" */ = {
			isa = XCConfigurationList;
			buildConfigurations = (
				621FAAD128A182AC00517B66 /* Debug */,
				621FAAD228A182AC00517B66 /* Release */,
			);
			defaultConfigurationIsVisible = 0;
			defaultConfigurationName = Release;
		};
/* End XCConfigurationList section */

/* Begin XCRemoteSwiftPackageReference section */
		624AB08E28A2BF1D0081310F /* XCRemoteSwiftPackageReference "RxSwift" */ = {
			isa = XCRemoteSwiftPackageReference;
			repositoryURL = "https://github.com/ReactiveX/RxSwift";
			requirement = {
				kind = upToNextMajorVersion;
				minimumVersion = 6.0.0;
			};
		};
		624AB09728A3CE110081310F /* XCRemoteSwiftPackageReference "SnapKit" */ = {
			isa = XCRemoteSwiftPackageReference;
			repositoryURL = "https://github.com/SnapKit/SnapKit.git";
			requirement = {
				kind = upToNextMajorVersion;
				minimumVersion = 5.0.0;
			};
		};
/* End XCRemoteSwiftPackageReference section */

/* Begin XCSwiftPackageProductDependency section */
		624AB08F28A2BF1D0081310F /* RxCocoa */ = {
			isa = XCSwiftPackageProductDependency;
			package = 624AB08E28A2BF1D0081310F /* XCRemoteSwiftPackageReference "RxSwift" */;
			productName = RxCocoa;
		};
		624AB09128A2BF1D0081310F /* RxSwift */ = {
			isa = XCSwiftPackageProductDependency;
			package = 624AB08E28A2BF1D0081310F /* XCRemoteSwiftPackageReference "RxSwift" */;
			productName = RxSwift;
		};
		624AB09828A3CE110081310F /* SnapKit */ = {
			isa = XCSwiftPackageProductDependency;
			package = 624AB09728A3CE110081310F /* XCRemoteSwiftPackageReference "SnapKit" */;
			productName = SnapKit;
		};
/* End XCSwiftPackageProductDependency section */
	};
	rootObject = 621FAAB428A182A700517B66 /* Project object */;
}
